PODS:
  - camera_avfoundation (0.0.1):
    - Flutter
  - connectivity_plus (0.0.1):
    - Flutter
    - ReachabilitySwift
  - Flutter (1.0.0)
  - fluttertoast (0.0.2):
    - Flutter
    - Toast
  - google_maps_flutter_ios (0.0.1):
    - Flutter
    - GoogleMaps (< 9.0)
  - GoogleMaps (8.4.0):
    - GoogleMaps/Maps (= 8.4.0)
  - GoogleMaps/Base (8.4.0)
  - GoogleMaps/Maps (8.4.0):
    - GoogleMaps/Base
  - nb_utils (0.0.1):
    - Flutter
  - path_provider_foundation (0.0.1):
    - Flutter
    - FlutterMacOS
  - permission_handler_apple (9.1.1):
    - Flutter
  - ReachabilitySwift (5.2.3)
  - shared_preferences_foundation (0.0.1):
    - Flutter
    - FlutterMacOS
  - smart_auth (0.0.1):
    - Flutter
  - sms_autofill (0.0.1):
    - Flutter
  - sqflite (0.0.3):
    - Flutter
    - FlutterMacOS
  - Toast (4.1.1)

DEPENDENCIES:
  - camera_avfoundation (from `.symlinks/plugins/camera_avfoundation/ios`)
  - connectivity_plus (from `.symlinks/plugins/connectivity_plus/ios`)
  - Flutter (from `Flutter`)
  - fluttertoast (from `.symlinks/plugins/fluttertoast/ios`)
  - google_maps_flutter_ios (from `.symlinks/plugins/google_maps_flutter_ios/ios`)
  - nb_utils (from `.symlinks/plugins/nb_utils/ios`)
  - path_provider_foundation (from `.symlinks/plugins/path_provider_foundation/darwin`)
  - permission_handler_apple (from `.symlinks/plugins/permission_handler_apple/ios`)
  - shared_preferences_foundation (from `.symlinks/plugins/shared_preferences_foundation/darwin`)
  - smart_auth (from `.symlinks/plugins/smart_auth/ios`)
  - sms_autofill (from `.symlinks/plugins/sms_autofill/ios`)
  - sqflite (from `.symlinks/plugins/sqflite/darwin`)

SPEC REPOS:
  trunk:
    - GoogleMaps
    - ReachabilitySwift
    - Toast

EXTERNAL SOURCES:
  camera_avfoundation:
    :path: ".symlinks/plugins/camera_avfoundation/ios"
  connectivity_plus:
    :path: ".symlinks/plugins/connectivity_plus/ios"
  Flutter:
    :path: Flutter
  fluttertoast:
    :path: ".symlinks/plugins/fluttertoast/ios"
  google_maps_flutter_ios:
    :path: ".symlinks/plugins/google_maps_flutter_ios/ios"
  nb_utils:
    :path: ".symlinks/plugins/nb_utils/ios"
  path_provider_foundation:
    :path: ".symlinks/plugins/path_provider_foundation/darwin"
  permission_handler_apple:
    :path: ".symlinks/plugins/permission_handler_apple/ios"
  shared_preferences_foundation:
    :path: ".symlinks/plugins/shared_preferences_foundation/darwin"
  smart_auth:
    :path: ".symlinks/plugins/smart_auth/ios"
  sms_autofill:
    :path: ".symlinks/plugins/sms_autofill/ios"
  sqflite:
    :path: ".symlinks/plugins/sqflite/darwin"

SPEC CHECKSUMS:
  camera_avfoundation: 8b8d780bcfb6a4a02b0fbe2b4bd17b5b71946e68
  connectivity_plus: bf0076dd84a130856aa636df1c71ccaff908fa1d
  Flutter: f04841e97a9d0b0a8025694d0796dd46242b2854
  fluttertoast: 9f2f8e81bb5ce18facb9748d7855bf5a756fe3db
  google_maps_flutter_ios: d1318b4ff711612cab16862d7a87e31a7403d458
  GoogleMaps: 8939898920281c649150e0af74aa291c60f2e77d
  nb_utils: ada4338858d8827ec92fdab2a545206b4ba4cfb1
  path_provider_foundation: 3784922295ac71e43754bd15e0653ccfd36a147c
  permission_handler_apple: e76247795d700c14ea09e3a2d8855d41ee80a2e6
  ReachabilitySwift: 7f151ff156cea1481a8411701195ac6a984f4979
  shared_preferences_foundation: b4c3b4cddf1c21f02770737f147a3f5da9d39695
  smart_auth: 4bedbc118723912d0e45a07e8ab34039c19e04f2
  sms_autofill: c461043483362c3f1709ee76eaae6eb570b31686
  sqflite: 673a0e54cc04b7d6dba8d24fb8095b31c3a99eec
  Toast: 1f5ea13423a1e6674c4abdac5be53587ae481c4e

PODFILE CHECKSUM: f393a3e970b6bcad3ccd24fdc079653b90c459b1

COCOAPODS: 1.15.2
